
Microsoft Visual Studio Solution File, Format Version 12.00
# Visual Studio 16
VisualStudioVersion = 16.0.0.0
MinimumVisualStudioVersion = 16.0.0.0
Project("{FAE04EC0-301F-11D3-BF4B-00C04F79EFBC}") = "AnimoDemo.Windows", "AnimoDemo.Windows\AnimoDemo.Windows.csproj", "{92BBB586-533C-4604-A4EA-11FEBA134F05}"
EndProject
Project("{FAE04EC0-301F-11D3-BF4B-00C04F79EFBC}") = "AnimoDemo", "AnimoDemo\AnimoDemo.csproj", "{BBCC6BBB-7F11-4CEE-9083-937AD3973370}"
EndProject
Global
EndGlobal
