
Microsoft Visual Studio Solution File, Format Version 12.00
# Visual Studio 16
VisualStudioVersion = 16.0.0.0
MinimumVisualStudioVersion = 16.0.0.0
Project("{FAE04EC0-301F-11D3-BF4B-00C04F79EFBC}") = "NuitrackSkeletonTest.Windows", "NuitrackSkeletonTest.Windows\NuitrackSkeletonTest.Windows.csproj", "{B4565E73-0815-4CF4-AF32-6CBBC686EFCD}"
EndProject
Project("{FAE04EC0-301F-11D3-BF4B-00C04F79EFBC}") = "NuitrackSkeletonTest", "NuitrackSkeletonTest\NuitrackSkeletonTest.csproj", "{B9A529E4-34AC-4BCA-B13D-21FB16DF8A51}"
EndProject
Global
EndGlobal
